// !$*UTF8*$!
{
	archiveVersion = 1;
	classes = {
	};
	objectVersion = 77;
	objects = {

/* Begin PBXBuildFile section */
		FFAD47DB2DAE9722003931BB /* BlinkIDVerifyUX in Frameworks */ = {isa = PBXBuildFile; productRef = FFAD47DA2DAE9722003931BB /* BlinkIDVerifyUX */; };
		FFAD47DC2DAE9729003931BB /* BlinkIDVerifyUX in Embed Frameworks */ = {isa = PBXBuildFile; productRef = FFAD47DA2DAE9722003931BB /* BlinkIDVerifyUX */; settings = {ATTRIBUTES = (CodeSignOnCopy, ); }; };
		FFEC134A3079212400B8024E /* Model_a958c31c.strop in Resources */ = {isa = PBXBuildFile; fileRef = FFEC13403079212400B8024E /* Model_a958c31c.strop */; };
		FFEC134B3079212400B8024E /* Model_6683cb47.strop in Resources */ = {isa = PBXBuildFile; fileRef = FFEC133D3079212400B8024E /* Model_6683cb47.strop */; };
		FFEC134C3079212400B8024E /* Model_1f2ae93e.strop in Resources */ = {isa = PBXBuildFile; fileRef = FFEC13313079212400B8024E /* Model_1f2ae93e.strop */; };
		FFEC134D3079212400B8024E /* Model_11a41e0f.strop in Resources */ = {isa = PBXBuildFile; fileRef = FFEC13363079212400B8024E /* Model_11a41e0f.strop */; };
		FFEC134E3079212400B8024E /* Model_de3c93f5.strop in Resources */ = {isa = PBXBuildFile; fileRef = FFEC13443079212400B8024E /* Model_de3c93f5.strop */; };
		FFEC134F3079212400B8024E /* Model_b5120a89.strop in Resources */ = {isa = PBXBuildFile; fileRef = FFEC13433079212400B8024E /* Model_b5120a89.strop */; };
		FFEC13503079212400B8024E /* Model_a91e7e31.strop in Resources */ = {isa = PBXBuildFile; fileRef = FFEC133F3079212400B8024E /* Model_a91e7e31.strop */; };
		FFEC13513079212400B8024E /* knowledge-database.zzip in Resources */ = {isa = PBXBuildFile; fileRef = FFEC13303079212400B8024E /* knowledge-database.zzip */; };
		FFEC13523079212400B8024E /* serialized-embedder-database.bin in Resources */ = {isa = PBXBuildFile; fileRef = FFEC13473079212400B8024E /* serialized-embedder-database.bin */; };
		FFEC13533079212400B8024E /* Model_a54429ec.strop in Resources */ = {isa = PBXBuildFile; fileRef = FFEC13413079212400B8024E /* Model_a54429ec.strop */; };
		FFEC13543079212400B8024E /* Model_48e189e2.strop in Resources */ = {isa = PBXBuildFile; fileRef = FFEC13373079212400B8024E /* Model_48e189e2.strop */; };
		FFEC13553079212400B8024E /* Model_ad5b6c8e.strop in Resources */ = {isa = PBXBuildFile; fileRef = FFEC13423079212400B8024E /* Model_ad5b6c8e.strop */; };
		FFEC13563079212400B8024E /* ccc_lookup_table.zzip in Resources */ = {isa = PBXBuildFile; fileRef = FFEC132F3079212400B8024E /* ccc_lookup_table.zzip */; };
		FFEC13573079212400B8024E /* Model_02957b97.strop in Resources */ = {isa = PBXBuildFile; fileRef = FFEC133C3079212400B8024E /* Model_02957b97.strop */; };
		FFEC13583079212400B8024E /* Model_84fd5736.strop in Resources */ = {isa = PBXBuildFile; fileRef = FFEC13393079212400B8024E /* Model_84fd5736.strop */; };
		FFEC13593079212400B8024E /* Model_e41292c5.strop in Resources */ = {isa = PBXBuildFile; fileRef = FFEC13453079212400B8024E /* Model_e41292c5.strop */; };
		FFEC135A3079212400B8024E /* Model_53f443db.strop in Resources */ = {isa = PBXBuildFile; fileRef = FFEC13383079212400B8024E /* Model_53f443db.strop */; };
		FFEC135B3079212400B8024E /* template-database.zzip in Resources */ = {isa = PBXBuildFile; fileRef = FFEC13483079212400B8024E /* template-database.zzip */; };
		FFEC135C3079212400B8024E /* Model_649c20b5.strop in Resources */ = {isa = PBXBuildFile; fileRef = FFEC133B3079212400B8024E /* Model_649c20b5.strop */; };
		FFEC135D3079212400B8024E /* Model_9128c47f.strop in Resources */ = {isa = PBXBuildFile; fileRef = FFEC133E3079212400B8024E /* Model_9128c47f.strop */; };
		FFEC135E3079212400B8024E /* Model_5af05652.strop in Resources */ = {isa = PBXBuildFile; fileRef = FFEC13323079212400B8024E /* Model_5af05652.strop */; };
		FFEC135F3079212400B8024E /* Model_7b97ad87.strop in Resources */ = {isa = PBXBuildFile; fileRef = FFEC13343079212400B8024E /* Model_7b97ad87.strop */; };
		FFEC13603079212400B8024E /* Model_f7ed097d.strop in Resources */ = {isa = PBXBuildFile; fileRef = FFEC13463079212400B8024E /* Model_f7ed097d.strop */; };
		FFEC13613079212400B8024E /* Model_7f5a4bc5.strop in Resources */ = {isa = PBXBuildFile; fileRef = FFEC13353079212400B8024E /* Model_7f5a4bc5.strop */; };
		FFEC13623079212400B8024E /* Model_7b80b536.strop in Resources */ = {isa = PBXBuildFile; fileRef = FFEC13333079212400B8024E /* Model_7b80b536.strop */; };
		FFEC13633079212400B8024E /* Model_0574da24.strop in Resources */ = {isa = PBXBuildFile; fileRef = FFEC133A3079212400B8024E /* Model_0574da24.strop */; };
/* End PBXBuildFile section */

/* Begin PBXCopyFilesBuildPhase section */
		FF668B082D350D060015085E /* Embed Frameworks */ = {
			isa = PBXCopyFilesBuildPhase;
			buildActionMask = 2147483647;
			dstPath = "";
			dstSubfolderSpec = 10;
			files = (
				FFAD47DC2DAE9729003931BB /* BlinkIDVerifyUX in Embed Frameworks */,
			);
			name = "Embed Frameworks";
			runOnlyForDeploymentPostprocessing = 0;
		};
/* End PBXCopyFilesBuildPhase section */

/* Begin PBXFileReference section */
		FF52A0B12D350AA9001773CC /* BlinkIDVerifySample.app */ = {isa = PBXFileReference; explicitFileType = wrapper.application; includeInIndex = 0; path = BlinkIDVerifySample.app; sourceTree = BUILT_PRODUCTS_DIR; };
		FFEC132F3079212400B8024E /* ccc_lookup_table.zzip */ = {isa = PBXFileReference; lastKnownFileType = file; path = ccc_lookup_table.zzip; sourceTree = "<group>"; };
		FFEC13303079212400B8024E /* knowledge-database.zzip */ = {isa = PBXFileReference; lastKnownFileType = file; path = "knowledge-database.zzip"; sourceTree = "<group>"; };
		FFEC13313079212400B8024E /* Model_1f2ae93e.strop */ = {isa = PBXFileReference; lastKnownFileType = file; path = Model_1f2ae93e.strop; sourceTree = "<group>"; };
		FFEC13323079212400B8024E /* Model_5af05652.strop */ = {isa = PBXFileReference; lastKnownFileType = file; path = Model_5af05652.strop; sourceTree = "<group>"; };
		FFEC13333079212400B8024E /* Model_7b80b536.strop */ = {isa = PBXFileReference; lastKnownFileType = file; path = Model_7b80b536.strop; sourceTree = "<group>"; };
		FFEC13343079212400B8024E /* Model_7b97ad87.strop */ = {isa = PBXFileReference; lastKnownFileType = file; path = Model_7b97ad87.strop; sourceTree = "<group>"; };
		FFEC13353079212400B8024E /* Model_7f5a4bc5.strop */ = {isa = PBXFileReference; lastKnownFileType = file; path = Model_7f5a4bc5.strop; sourceTree = "<group>"; };
		FFEC13363079212400B8024E /* Model_11a41e0f.strop */ = {isa = PBXFileReference; lastKnownFileType = file; path = Model_11a41e0f.strop; sourceTree = "<group>"; };
		FFEC13373079212400B8024E /* Model_48e189e2.strop */ = {isa = PBXFileReference; lastKnownFileType = file; path = Model_48e189e2.strop; sourceTree = "<group>"; };
		FFEC13383079212400B8024E /* Model_53f443db.strop */ = {isa = PBXFileReference; lastKnownFileType = file; path = Model_53f443db.strop; sourceTree = "<group>"; };
		FFEC13393079212400B8024E /* Model_84fd5736.strop */ = {isa = PBXFileReference; lastKnownFileType = file; path = Model_84fd5736.strop; sourceTree = "<group>"; };
		FFEC133A3079212400B8024E /* Model_0574da24.strop */ = {isa = PBXFileReference; lastKnownFileType = file; path = Model_0574da24.strop; sourceTree = "<group>"; };
		FFEC133B3079212400B8024E /* Model_649c20b5.strop */ = {isa = PBXFileReference; lastKnownFileType = file; path = Model_649c20b5.strop; sourceTree = "<group>"; };
		FFEC133C3079212400B8024E /* Model_02957b97.strop */ = {isa = PBXFileReference; lastKnownFileType = file; path = Model_02957b97.strop; sourceTree = "<group>"; };
		FFEC133D3079212400B8024E /* Model_6683cb47.strop */ = {isa = PBXFileReference; lastKnownFileType = file; path = Model_6683cb47.strop; sourceTree = "<group>"; };
		FFEC133E3079212400B8024E /* Model_9128c47f.strop */ = {isa = PBXFileReference; lastKnownFileType = file; path = Model_9128c47f.strop; sourceTree = "<group>"; };
		FFEC133F3079212400B8024E /* Model_a91e7e31.strop */ = {isa = PBXFileReference; lastKnownFileType = file; path = Model_a91e7e31.strop; sourceTree = "<group>"; };
		FFEC13403079212400B8024E /* Model_a958c31c.strop */ = {isa = PBXFileReference; lastKnownFileType = file; path = Model_a958c31c.strop; sourceTree = "<group>"; };
		FFEC13413079212400B8024E /* Model_a54429ec.strop */ = {isa = PBXFileReference; lastKnownFileType = file; path = Model_a54429ec.strop; sourceTree = "<group>"; };
		FFEC13423079212400B8024E /* Model_ad5b6c8e.strop */ = {isa = PBXFileReference; lastKnownFileType = file; path = Model_ad5b6c8e.strop; sourceTree = "<group>"; };
		FFEC13433079212400B8024E /* Model_b5120a89.strop */ = {isa = PBXFileReference; lastKnownFileType = file; path = Model_b5120a89.strop; sourceTree = "<group>"; };
		FFEC13443079212400B8024E /* Model_de3c93f5.strop */ = {isa = PBXFileReference; lastKnownFileType = file; path = Model_de3c93f5.strop; sourceTree = "<group>"; };
		FFEC13453079212400B8024E /* Model_e41292c5.strop */ = {isa = PBXFileReference; lastKnownFileType = file; path = Model_e41292c5.strop; sourceTree = "<group>"; };
		FFEC13463079212400B8024E /* Model_f7ed097d.strop */ = {isa = PBXFileReference; lastKnownFileType = file; path = Model_f7ed097d.strop; sourceTree = "<group>"; };
		FFEC13473079212400B8024E /* serialized-embedder-database.bin */ = {isa = PBXFileReference; lastKnownFileType = archive.macbinary; path = "serialized-embedder-database.bin"; sourceTree = "<group>"; };
		FFEC13483079212400B8024E /* template-database.zzip */ = {isa = PBXFileReference; lastKnownFileType = file; path = "template-database.zzip"; sourceTree = "<group>"; };
/* End PBXFileReference section */

/* Begin PBXFileSystemSynchronizedRootGroup section */
		FF52A0B32D350AA9001773CC /* BlinkIDVerifySample */ = {
			isa = PBXFileSystemSynchronizedRootGroup;
			path = BlinkIDVerifySample;
			sourceTree = "<group>";
		};
/* End PBXFileSystemSynchronizedRootGroup section */

/* Begin PBXFrameworksBuildPhase section */
		FF52A0AE2D350AA9001773CC /* Frameworks */ = {
			isa = PBXFrameworksBuildPhase;
			buildActionMask = 2147483647;
			files = (
				FFAD47DB2DAE9722003931BB /* BlinkIDVerifyUX in Frameworks */,
			);
			runOnlyForDeploymentPostprocessing = 0;
		};
/* End PBXFrameworksBuildPhase section */

/* Begin PBXGroup section */
		FF52A0A82D350AA9001773CC = {
			isa = PBXGroup;
			children = (
				FF52A0B32D350AA9001773CC /* BlinkIDVerifySample */,
				FF52A0B22D350AA9001773CC /* Products */,
				FF668B022D350D060015085E /* Frameworks */,
				FFEC13493079212400B8024E /* Resources */,
			);
			sourceTree = "<group>";
		};
		FF52A0B22D350AA9001773CC /* Products */ = {
			isa = PBXGroup;
			children = (
				FF52A0B12D350AA9001773CC /* BlinkIDVerifySample.app */,
			);
			name = Products;
			sourceTree = "<group>";
		};
		FF668B022D350D060015085E /* Frameworks */ = {
			isa = PBXGroup;
			children = (
			);
			name = Frameworks;
			sourceTree = "<group>";
		};
		FFEC13493079212400B8024E /* Resources */ = {
			isa = PBXGroup;
			children = (
				FFEC132F3079212400B8024E /* ccc_lookup_table.zzip */,
				FFEC13303079212400B8024E /* knowledge-database.zzip */,
				FFEC13313079212400B8024E /* Model_1f2ae93e.strop */,
				FFEC13323079212400B8024E /* Model_5af05652.strop */,
				FFEC13333079212400B8024E /* Model_7b80b536.strop */,
				FFEC13343079212400B8024E /* Model_7b97ad87.strop */,
				FFEC13353079212400B8024E /* Model_7f5a4bc5.strop */,
				FFEC13363079212400B8024E /* Model_11a41e0f.strop */,
				FFEC13373079212400B8024E /* Model_48e189e2.strop */,
				FFEC13383079212400B8024E /* Model_53f443db.strop */,
				FFEC13393079212400B8024E /* Model_84fd5736.strop */,
				FFEC133A3079212400B8024E /* Model_0574da24.strop */,
				FFEC133B3079212400B8024E /* Model_649c20b5.strop */,
				FFEC133C3079212400B8024E /* Model_02957b97.strop */,
				FFEC133D3079212400B8024E /* Model_6683cb47.strop */,
				FFEC133E3079212400B8024E /* Model_9128c47f.strop */,
				FFEC133F3079212400B8024E /* Model_a91e7e31.strop */,
				FFEC13403079212400B8024E /* Model_a958c31c.strop */,
				FFEC13413079212400B8024E /* Model_a54429ec.strop */,
				FFEC13423079212400B8024E /* Model_ad5b6c8e.strop */,
				FFEC13433079212400B8024E /* Model_b5120a89.strop */,
				FFEC13443079212400B8024E /* Model_de3c93f5.strop */,
				FFEC13453079212400B8024E /* Model_e41292c5.strop */,
				FFEC13463079212400B8024E /* Model_f7ed097d.strop */,
				FFEC13473079212400B8024E /* serialized-embedder-database.bin */,
				FFEC13483079212400B8024E /* template-database.zzip */,
			);
			name = Resources;
			path = ../../Resources;
			sourceTree = "<group>";
		};
/* End PBXGroup section */

/* Begin PBXNativeTarget section */
		FF52A0B02D350AA9001773CC /* BlinkIDVerifySample */ = {
			isa = PBXNativeTarget;
			buildConfigurationList = FF52A0BF2D350AAA001773CC /* Build configuration list for PBXNativeTarget "BlinkIDVerifySample" */;
			buildPhases = (
				FF52A0AD2D350AA9001773CC /* Sources */,
				FF52A0AE2D350AA9001773CC /* Frameworks */,
				FF52A0AF2D350AA9001773CC /* Resources */,
				FF668B082D350D060015085E /* Embed Frameworks */,
			);
			buildRules = (
			);
			dependencies = (
			);
			fileSystemSynchronizedGroups = (
				FF52A0B32D350AA9001773CC /* BlinkIDVerifySample */,
			);
			name = BlinkIDVerifySample;
			packageProductDependencies = (
				FFAD47DA2DAE9722003931BB /* BlinkIDVerifyUX */,
			);
			productName = DocumentVerificationSample;
			productReference = FF52A0B12D350AA9001773CC /* BlinkIDVerifySample.app */;
			productType = "com.apple.product-type.application";
		};
/* End PBXNativeTarget section */

/* Begin PBXProject section */
		FF52A0A92D350AA9001773CC /* Project object */ = {
			isa = PBXProject;
			attributes = {
				BuildIndependentTargetsInParallel = 1;
				LastSwiftUpdateCheck = 1600;
				LastUpgradeCheck = 1600;
				TargetAttributes = {
					FF52A0B02D350AA9001773CC = {
						CreatedOnToolsVersion = 16.0;
					};
				};
			};
			buildConfigurationList = FF52A0AC2D350AA9001773CC /* Build configuration list for PBXProject "BlinkIDVerifySample" */;
			developmentRegion = en;
			hasScannedForEncodings = 0;
			knownRegions = (
				en,
				Base,
			);
			mainGroup = FF52A0A82D350AA9001773CC;
			minimizedProjectReferenceProxies = 1;
			packageReferences = (
				FFAD47D92DAE9722003931BB /* XCLocalSwiftPackageReference "../../../blinkid-verify-ios" */,
			);
			preferredProjectObjectVersion = 77;
			productRefGroup = FF52A0B22D350AA9001773CC /* Products */;
			projectDirPath = "";
			projectRoot = "";
			targets = (
				FF52A0B02D350AA9001773CC /* BlinkIDVerifySample */,
			);
		};
/* End PBXProject section */

/* Begin PBXResourcesBuildPhase section */
		FF52A0AF2D350AA9001773CC /* Resources */ = {
			isa = PBXResourcesBuildPhase;
			buildActionMask = 2147483647;
			files = (
				FFEC134A3079212400B8024E /* Model_a958c31c.strop in Resources */,
				FFEC134B3079212400B8024E /* Model_6683cb47.strop in Resources */,
				FFEC134C3079212400B8024E /* Model_1f2ae93e.strop in Resources */,
				FFEC134D3079212400B8024E /* Model_11a41e0f.strop in Resources */,
				FFEC134E3079212400B8024E /* Model_de3c93f5.strop in Resources */,
				FFEC134F3079212400B8024E /* Model_b5120a89.strop in Resources */,
				FFEC13503079212400B8024E /* Model_a91e7e31.strop in Resources */,
				FFEC13513079212400B8024E /* knowledge-database.zzip in Resources */,
				FFEC13523079212400B8024E /* serialized-embedder-database.bin in Resources */,
				FFEC13533079212400B8024E /* Model_a54429ec.strop in Resources */,
				FFEC13543079212400B8024E /* Model_48e189e2.strop in Resources */,
				FFEC13553079212400B8024E /* Model_ad5b6c8e.strop in Resources */,
				FFEC13563079212400B8024E /* ccc_lookup_table.zzip in Resources */,
				FFEC13573079212400B8024E /* Model_02957b97.strop in Resources */,
				FFEC13583079212400B8024E /* Model_84fd5736.strop in Resources */,
				FFEC13593079212400B8024E /* Model_e41292c5.strop in Resources */,
				FFEC135A3079212400B8024E /* Model_53f443db.strop in Resources */,
				FFEC135B3079212400B8024E /* template-database.zzip in Resources */,
				FFEC135C3079212400B8024E /* Model_649c20b5.strop in Resources */,
				FFEC135D3079212400B8024E /* Model_9128c47f.strop in Resources */,
				FFEC135E3079212400B8024E /* Model_5af05652.strop in Resources */,
				FFEC135F3079212400B8024E /* Model_7b97ad87.strop in Resources */,
				FFEC13603079212400B8024E /* Model_f7ed097d.strop in Resources */,
				FFEC13613079212400B8024E /* Model_7f5a4bc5.strop in Resources */,
				FFEC13623079212400B8024E /* Model_7b80b536.strop in Resources */,
				FFEC13633079212400B8024E /* Model_0574da24.strop in Resources */,
			);
			runOnlyForDeploymentPostprocessing = 0;
		};
/* End PBXResourcesBuildPhase section */

/* Begin PBXSourcesBuildPhase section */
		FF52A0AD2D350AA9001773CC /* Sources */ = {
			isa = PBXSourcesBuildPhase;
			buildActionMask = 2147483647;
			files = (
			);
			runOnlyForDeploymentPostprocessing = 0;
		};
/* End PBXSourcesBuildPhase section */

/* Begin XCBuildConfiguration section */
		FF52A0BD2D350AAA001773CC /* Debug */ = {
			isa = XCBuildConfiguration;
			buildSettings = {
				ALWAYS_SEARCH_USER_PATHS = NO;
				ASSETCATALOG_COMPILER_GENERATE_SWIFT_ASSET_SYMBOL_EXTENSIONS = YES;
				CLANG_ANALYZER_NONNULL = YES;
				CLANG_ANALYZER_NUMBER_OBJECT_CONVERSION = YES_AGGRESSIVE;
				CLANG_CXX_LANGUAGE_STANDARD = "gnu++20";
				CLANG_ENABLE_MODULES = YES;
				CLANG_ENABLE_OBJC_ARC = YES;
				CLANG_ENABLE_OBJC_WEAK = YES;
				CLANG_WARN_BLOCK_CAPTURE_AUTORELEASING = YES;
				CLANG_WARN_BOOL_CONVERSION = YES;
				CLANG_WARN_COMMA = YES;
				CLANG_WARN_CONSTANT_CONVERSION = YES;
				CLANG_WARN_DEPRECATED_OBJC_IMPLEMENTATIONS = YES;
				CLANG_WARN_DIRECT_OBJC_ISA_USAGE = YES_ERROR;
				CLANG_WARN_DOCUMENTATION_COMMENTS = YES;
				CLANG_WARN_EMPTY_BODY = YES;
				CLANG_WARN_ENUM_CONVERSION = YES;
				CLANG_WARN_INFINITE_RECURSION = YES;
				CLANG_WARN_INT_CONVERSION = YES;
				CLANG_WARN_NON_LITERAL_NULL_CONVERSION = YES;
				CLANG_WARN_OBJC_IMPLICIT_RETAIN_SELF = YES;
				CLANG_WARN_OBJC_LITERAL_CONVERSION = YES;
				CLANG_WARN_OBJC_ROOT_CLASS = YES_ERROR;
				CLANG_WARN_QUOTED_INCLUDE_IN_FRAMEWORK_HEADER = YES;
				CLANG_WARN_RANGE_LOOP_ANALYSIS = YES;
				CLANG_WARN_STRICT_PROTOTYPES = YES;
				CLANG_WARN_SUSPICIOUS_MOVE = YES;
				CLANG_WARN_UNGUARDED_AVAILABILITY = YES_AGGRESSIVE;
				CLANG_WARN_UNREACHABLE_CODE = YES;
				CLANG_WARN__DUPLICATE_METHOD_MATCH = YES;
				COPY_PHASE_STRIP = NO;
				DEBUG_INFORMATION_FORMAT = dwarf;
				ENABLE_STRICT_OBJC_MSGSEND = YES;
				ENABLE_TESTABILITY = YES;
				ENABLE_USER_SCRIPT_SANDBOXING = YES;
				GCC_C_LANGUAGE_STANDARD = gnu17;
				GCC_DYNAMIC_NO_PIC = NO;
				GCC_NO_COMMON_BLOCKS = YES;
				GCC_OPTIMIZATION_LEVEL = 0;
				GCC_PREPROCESSOR_DEFINITIONS = (
					"DEBUG=1",
					"$(inherited)",
				);
				GCC_WARN_64_TO_32_BIT_CONVERSION = YES;
				GCC_WARN_ABOUT_RETURN_TYPE = YES_ERROR;
				GCC_WARN_UNDECLARED_SELECTOR = YES;
				GCC_WARN_UNINITIALIZED_AUTOS = YES_AGGRESSIVE;
				GCC_WARN_UNUSED_FUNCTION = YES;
				GCC_WARN_UNUSED_VARIABLE = YES;
				IPHONEOS_DEPLOYMENT_TARGET = 18.0;
				LOCALIZATION_PREFERS_STRING_CATALOGS = YES;
				MTL_ENABLE_DEBUG_INFO = INCLUDE_SOURCE;
				MTL_FAST_MATH = YES;
				ONLY_ACTIVE_ARCH = YES;
				SDKROOT = iphoneos;
				SWIFT_ACTIVE_COMPILATION_CONDITIONS = "DEBUG $(inherited)";
				SWIFT_OPTIMIZATION_LEVEL = "-Onone";
			};
			name = Debug;
		};
		FF52A0BE2D350AAA001773CC /* Release */ = {
			isa = XCBuildConfiguration;
			buildSettings = {
				ALWAYS_SEARCH_USER_PATHS = NO;
				ASSETCATALOG_COMPILER_GENERATE_SWIFT_ASSET_SYMBOL_EXTENSIONS = YES;
				CLANG_ANALYZER_NONNULL = YES;
				CLANG_ANALYZER_NUMBER_OBJECT_CONVERSION = YES_AGGRESSIVE;
				CLANG_CXX_LANGUAGE_STANDARD = "gnu++20";
				CLANG_ENABLE_MODULES = YES;
				CLANG_ENABLE_OBJC_ARC = YES;
				CLANG_ENABLE_OBJC_WEAK = YES;
				CLANG_WARN_BLOCK_CAPTURE_AUTORELEASING = YES;
				CLANG_WARN_BOOL_CONVERSION = YES;
				CLANG_WARN_COMMA = YES;
				CLANG_WARN_CONSTANT_CONVERSION = YES;
				CLANG_WARN_DEPRECATED_OBJC_IMPLEMENTATIONS = YES;
				CLANG_WARN_DIRECT_OBJC_ISA_USAGE = YES_ERROR;
				CLANG_WARN_DOCUMENTATION_COMMENTS = YES;
				CLANG_WARN_EMPTY_BODY = YES;
				CLANG_WARN_ENUM_CONVERSION = YES;
				CLANG_WARN_INFINITE_RECURSION = YES;
				CLANG_WARN_INT_CONVERSION = YES;
				CLANG_WARN_NON_LITERAL_NULL_CONVERSION = YES;
				CLANG_WARN_OBJC_IMPLICIT_RETAIN_SELF = YES;
				CLANG_WARN_OBJC_LITERAL_CONVERSION = YES;
				CLANG_WARN_OBJC_ROOT_CLASS = YES_ERROR;
				CLANG_WARN_QUOTED_INCLUDE_IN_FRAMEWORK_HEADER = YES;
				CLANG_WARN_RANGE_LOOP_ANALYSIS = YES;
				CLANG_WARN_STRICT_PROTOTYPES = YES;
				CLANG_WARN_SUSPICIOUS_MOVE = YES;
				CLANG_WARN_UNGUARDED_AVAILABILITY = YES_AGGRESSIVE;
				CLANG_WARN_UNREACHABLE_CODE = YES;
				CLANG_WARN__DUPLICATE_METHOD_MATCH = YES;
				COPY_PHASE_STRIP = NO;
				DEBUG_INFORMATION_FORMAT = "dwarf-with-dsym";
				ENABLE_NS_ASSERTIONS = NO;
				ENABLE_STRICT_OBJC_MSGSEND = YES;
				ENABLE_USER_SCRIPT_SANDBOXING = YES;
				GCC_C_LANGUAGE_STANDARD = gnu17;
				GCC_NO_COMMON_BLOCKS = YES;
				GCC_WARN_64_TO_32_BIT_CONVERSION = YES;
				GCC_WARN_ABOUT_RETURN_TYPE = YES_ERROR;
				GCC_WARN_UNDECLARED_SELECTOR = YES;
				GCC_WARN_UNINITIALIZED_AUTOS = YES_AGGRESSIVE;
				GCC_WARN_UNUSED_FUNCTION = YES;
				GCC_WARN_UNUSED_VARIABLE = YES;
				IPHONEOS_DEPLOYMENT_TARGET = 18.0;
				LOCALIZATION_PREFERS_STRING_CATALOGS = YES;
				MTL_ENABLE_DEBUG_INFO = NO;
				MTL_FAST_MATH = YES;
				SDKROOT = iphoneos;
				SWIFT_COMPILATION_MODE = wholemodule;
				VALIDATE_PRODUCT = YES;
			};
			name = Release;
		};
		FF52A0C02D350AAA001773CC /* Debug */ = {
			isa = XCBuildConfiguration;
			buildSettings = {
				ASSETCATALOG_COMPILER_APPICON_NAME = AppIcon;
				ASSETCATALOG_COMPILER_GLOBAL_ACCENT_COLOR_NAME = AccentColor;
				CODE_SIGN_STYLE = Automatic;
				CURRENT_PROJECT_VERSION = 1;
				DEVELOPMENT_ASSET_PATHS = "\"BlinkIDVerifySample/Preview Content\"";
				DEVELOPMENT_TEAM = CQTJWP89J7;
				ENABLE_PREVIEWS = YES;
				FRAMEWORK_SEARCH_PATHS = (
					"$(inherited)",
					"$(PROJECT_DIR)",
				);
				GENERATE_INFOPLIST_FILE = YES;
				INFOPLIST_KEY_NSCameraUsageDescription = "Used for image capture";
				INFOPLIST_KEY_UIApplicationSceneManifest_Generation = YES;
				INFOPLIST_KEY_UIApplicationSupportsIndirectInputEvents = YES;
				INFOPLIST_KEY_UILaunchScreen_Generation = YES;
				INFOPLIST_KEY_UISupportedInterfaceOrientations_iPad = "UIInterfaceOrientationPortrait UIInterfaceOrientationPortraitUpsideDown UIInterfaceOrientationLandscapeLeft UIInterfaceOrientationLandscapeRight";
				INFOPLIST_KEY_UISupportedInterfaceOrientations_iPhone = "UIInterfaceOrientationPortrait UIInterfaceOrientationLandscapeLeft UIInterfaceOrientationLandscapeRight";
				IPHONEOS_DEPLOYMENT_TARGET = 17.6;
				LD_RUNPATH_SEARCH_PATHS = (
					"$(inherited)",
					"@executable_path/Frameworks",
				);
				MARKETING_VERSION = 1.0;
				OTHER_SWIFT_FLAGS = "";
				PRODUCT_BUNDLE_IDENTIFIER = com.microblink.DocumentVerificationSample;
				PRODUCT_NAME = "$(TARGET_NAME)";
				SWIFT_EMIT_LOC_STRINGS = YES;
				SWIFT_OBJC_INTEROP_MODE = objcxx;
				SWIFT_VERSION = 6.0;
				TARGETED_DEVICE_FAMILY = "1,2";
			};
			name = Debug;
		};
		FF52A0C12D350AAA001773CC /* Release */ = {
			isa = XCBuildConfiguration;
			buildSettings = {
				ASSETCATALOG_COMPILER_APPICON_NAME = AppIcon;
				ASSETCATALOG_COMPILER_GLOBAL_ACCENT_COLOR_NAME = AccentColor;
				CODE_SIGN_STYLE = Automatic;
				CURRENT_PROJECT_VERSION = 1;
				DEVELOPMENT_ASSET_PATHS = "\"BlinkIDVerifySample/Preview Content\"";
				DEVELOPMENT_TEAM = CQTJWP89J7;
				ENABLE_PREVIEWS = YES;
				FRAMEWORK_SEARCH_PATHS = (
					"$(inherited)",
					"$(PROJECT_DIR)",
				);
				GENERATE_INFOPLIST_FILE = YES;
				INFOPLIST_KEY_NSCameraUsageDescription = "Used for image capture";
				INFOPLIST_KEY_UIApplicationSceneManifest_Generation = YES;
				INFOPLIST_KEY_UIApplicationSupportsIndirectInputEvents = YES;
				INFOPLIST_KEY_UILaunchScreen_Generation = YES;
				INFOPLIST_KEY_UISupportedInterfaceOrientations_iPad = "UIInterfaceOrientationPortrait UIInterfaceOrientationPortraitUpsideDown UIInterfaceOrientationLandscapeLeft UIInterfaceOrientationLandscapeRight";
				INFOPLIST_KEY_UISupportedInterfaceOrientations_iPhone = "UIInterfaceOrientationPortrait UIInterfaceOrientationLandscapeLeft UIInterfaceOrientationLandscapeRight";
				IPHONEOS_DEPLOYMENT_TARGET = 17.6;
				LD_RUNPATH_SEARCH_PATHS = (
					"$(inherited)",
					"@executable_path/Frameworks",
				);
				MARKETING_VERSION = 1.0;
				OTHER_SWIFT_FLAGS = "";
				PRODUCT_BUNDLE_IDENTIFIER = com.microblink.DocumentVerificationSample;
				PRODUCT_NAME = "$(TARGET_NAME)";
				SWIFT_EMIT_LOC_STRINGS = YES;
				SWIFT_OBJC_INTEROP_MODE = objcxx;
				SWIFT_VERSION = 6.0;
				TARGETED_DEVICE_FAMILY = "1,2";
			};
			name = Release;
		};
/* End XCBuildConfiguration section */

/* Begin XCConfigurationList section */
		FF52A0AC2D350AA9001773CC /* Build configuration list for PBXProject "BlinkIDVerifySample" */ = {
			isa = XCConfigurationList;
			buildConfigurations = (
				FF52A0BD2D350AAA001773CC /* Debug */,
				FF52A0BE2D350AAA001773CC /* Release */,
			);
			defaultConfigurationIsVisible = 0;
			defaultConfigurationName = Release;
		};
		FF52A0BF2D350AAA001773CC /* Build configuration list for PBXNativeTarget "BlinkIDVerifySample" */ = {
			isa = XCConfigurationList;
			buildConfigurations = (
				FF52A0C02D350AAA001773CC /* Debug */,
				FF52A0C12D350AAA001773CC /* Release */,
			);
			defaultConfigurationIsVisible = 0;
			defaultConfigurationName = Release;
		};
/* End XCConfigurationList section */

/* Begin XCLocalSwiftPackageReference section */
		FFAD47D92DAE9722003931BB /* XCLocalSwiftPackageReference "../../../blinkid-verify-ios" */ = {
			isa = XCLocalSwiftPackageReference;
			relativePath = "../../../blinkid-verify-ios";
		};
/* End XCLocalSwiftPackageReference section */

/* Begin XCSwiftPackageProductDependency section */
		FFAD47DA2DAE9722003931BB /* BlinkIDVerifyUX */ = {
			isa = XCSwiftPackageProductDependency;
			productName = BlinkIDVerifyUX;
		};
/* End XCSwiftPackageProductDependency section */
	};
	rootObject = FF52A0A92D350AA9001773CC /* Project object */;
}
